
Microsoft Visual Studio Solution File, Format Version 12.00
# Visual Studio 15
Project("{FAE04EC0-301F-11D3-BF4B-00C04F79EFBC}") = "Common", "Common\src\Common.csproj", "{6FD0CAD2-3B97-4146-9FB1-D5A858666EC7}"
EndProject
Project("{FAE04EC0-301F-11D3-BF4B-00C04F79EFBC}") = "MedicationRequestService", "MedicationRequestService\src\MedicationRequestService.csproj", "{39285F96-BA19-443E-B3D7-327B685BD321}"
EndProject
Project("{FAE04EC0-301F-11D3-BF4B-00C04F79EFBC}") = "ClaimService", "ClaimService\src\ClaimService.csproj", "{9680F1BF-9D45-4463-BC9C-9B94D7065FCE}"
EndProject
Project("{FAE04EC0-301F-11D3-BF4B-00C04F79EFBC}") = "LocationService", "LocationService\src\LocationService.csproj", "{EA362361-04E0-498F-9788-B0677F847C90}"
EndProject
Project("{FAE04EC0-301F-11D3-BF4B-00C04F79EFBC}") = "MedicationService", "MedicationService\src\MedicationService.csproj", "{97667C80-9D8C-431E-863E-9ADBB355FE4D}"
EndProject
Project("{FAE04EC0-301F-11D3-BF4B-00C04F79EFBC}") = "MedicationStatementService", "MedicationStatementService\src\MedicationStatementService.csproj", "{A904060A-9E7A-4D81-917C-9D417B4B063C}"
EndProject
Project("{FAE04EC0-301F-11D3-BF4B-00C04F79EFBC}") = "PatientService", "PatientService\src\PatientService.csproj", "{3354AC6B-5CF9-4F56-AF19-52133D93E6F5}"
EndProject
Project("{FAE04EC0-301F-11D3-BF4B-00C04F79EFBC}") = "PractitionerService", "PractitionerService\src\PractitionerService.csproj", "{84314338-B7D1-4C3B-A5A4-EE0AD56D7EF5}"
EndProject
Project("{FAE04EC0-301F-11D3-BF4B-00C04F79EFBC}") = "ConsentService", "ConsentService\src\ConsentService.csproj", "{3FA04F86-6F18-4296-84BC-81F776513005}"
EndProject
Project("{FAE04EC0-301F-11D3-BF4B-00C04F79EFBC}") = "MedicationDispenseService", "MedicationDispenseService\src\MedicationDispenseService.csproj", "{844DE75C-8367-4778-BB17-4AA4259D0FC1}"
EndProject
Project("{FAE04EC0-301F-11D3-BF4B-00C04F79EFBC}") = "HL7-dotnetcore", "HL7-dotnetcore\src\HL7-dotnetcore.csproj", "{C41A36C5-73DF-4BE0-8D1D-1FDD119BB6D5}"
EndProject
Global
	GlobalSection(SolutionConfigurationPlatforms) = preSolution
		Debug|Any CPU = Debug|Any CPU
		Release|Any CPU = Release|Any CPU
	EndGlobalSection
	GlobalSection(ProjectConfigurationPlatforms) = postSolution
		{6FD0CAD2-3B97-4146-9FB1-D5A858666EC7}.Debug|Any CPU.ActiveCfg = Debug|Any CPU
		{6FD0CAD2-3B97-4146-9FB1-D5A858666EC7}.Debug|Any CPU.Build.0 = Debug|Any CPU
		{6FD0CAD2-3B97-4146-9FB1-D5A858666EC7}.Release|Any CPU.ActiveCfg = Release|Any CPU
		{6FD0CAD2-3B97-4146-9FB1-D5A858666EC7}.Release|Any CPU.Build.0 = Release|Any CPU
		{A3AB4A17-46DE-4245-A817-1CA3E9B38B9A}.Debug|Any CPU.ActiveCfg = Debug|Any CPU
		{A3AB4A17-46DE-4245-A817-1CA3E9B38B9A}.Debug|Any CPU.Build.0 = Debug|Any CPU
		{A3AB4A17-46DE-4245-A817-1CA3E9B38B9A}.Release|Any CPU.ActiveCfg = Release|Any CPU
		{A3AB4A17-46DE-4245-A817-1CA3E9B38B9A}.Release|Any CPU.Build.0 = Release|Any CPU
		{39285F96-BA19-443E-B3D7-327B685BD321}.Debug|Any CPU.ActiveCfg = Debug|Any CPU
		{39285F96-BA19-443E-B3D7-327B685BD321}.Debug|Any CPU.Build.0 = Debug|Any CPU
		{39285F96-BA19-443E-B3D7-327B685BD321}.Release|Any CPU.ActiveCfg = Release|Any CPU
		{39285F96-BA19-443E-B3D7-327B685BD321}.Release|Any CPU.Build.0 = Release|Any CPU
		{9680F1BF-9D45-4463-BC9C-9B94D7065FCE}.Debug|Any CPU.ActiveCfg = Debug|Any CPU
		{9680F1BF-9D45-4463-BC9C-9B94D7065FCE}.Debug|Any CPU.Build.0 = Debug|Any CPU
		{9680F1BF-9D45-4463-BC9C-9B94D7065FCE}.Release|Any CPU.ActiveCfg = Release|Any CPU
		{9680F1BF-9D45-4463-BC9C-9B94D7065FCE}.Release|Any CPU.Build.0 = Release|Any CPU
		{EA362361-04E0-498F-9788-B0677F847C90}.Debug|Any CPU.ActiveCfg = Debug|Any CPU
		{EA362361-04E0-498F-9788-B0677F847C90}.Debug|Any CPU.Build.0 = Debug|Any CPU
		{EA362361-04E0-498F-9788-B0677F847C90}.Release|Any CPU.ActiveCfg = Release|Any CPU
		{EA362361-04E0-498F-9788-B0677F847C90}.Release|Any CPU.Build.0 = Release|Any CPU
		{97667C80-9D8C-431E-863E-9ADBB355FE4D}.Debug|Any CPU.ActiveCfg = Debug|Any CPU
		{97667C80-9D8C-431E-863E-9ADBB355FE4D}.Debug|Any CPU.Build.0 = Debug|Any CPU
		{97667C80-9D8C-431E-863E-9ADBB355FE4D}.Release|Any CPU.ActiveCfg = Release|Any CPU
		{97667C80-9D8C-431E-863E-9ADBB355FE4D}.Release|Any CPU.Build.0 = Release|Any CPU
		{A904060A-9E7A-4D81-917C-9D417B4B063C}.Debug|Any CPU.ActiveCfg = Debug|Any CPU
		{A904060A-9E7A-4D81-917C-9D417B4B063C}.Debug|Any CPU.Build.0 = Debug|Any CPU
		{A904060A-9E7A-4D81-917C-9D417B4B063C}.Release|Any CPU.ActiveCfg = Release|Any CPU
		{A904060A-9E7A-4D81-917C-9D417B4B063C}.Release|Any CPU.Build.0 = Release|Any CPU
		{3354AC6B-5CF9-4F56-AF19-52133D93E6F5}.Debug|Any CPU.ActiveCfg = Debug|Any CPU
		{3354AC6B-5CF9-4F56-AF19-52133D93E6F5}.Debug|Any CPU.Build.0 = Debug|Any CPU
		{3354AC6B-5CF9-4F56-AF19-52133D93E6F5}.Release|Any CPU.ActiveCfg = Release|Any CPU
		{3354AC6B-5CF9-4F56-AF19-52133D93E6F5}.Release|Any CPU.Build.0 = Release|Any CPU
		{84314338-B7D1-4C3B-A5A4-EE0AD56D7EF5}.Debug|Any CPU.ActiveCfg = Debug|Any CPU
		{84314338-B7D1-4C3B-A5A4-EE0AD56D7EF5}.Debug|Any CPU.Build.0 = Debug|Any CPU
		{84314338-B7D1-4C3B-A5A4-EE0AD56D7EF5}.Release|Any CPU.ActiveCfg = Release|Any CPU
		{84314338-B7D1-4C3B-A5A4-EE0AD56D7EF5}.Release|Any CPU.Build.0 = Release|Any CPU
		{3FA04F86-6F18-4296-84BC-81F776513005}.Debug|Any CPU.ActiveCfg = Debug|Any CPU
		{3FA04F86-6F18-4296-84BC-81F776513005}.Debug|Any CPU.Build.0 = Debug|Any CPU
		{3FA04F86-6F18-4296-84BC-81F776513005}.Release|Any CPU.ActiveCfg = Release|Any CPU
		{3FA04F86-6F18-4296-84BC-81F776513005}.Release|Any CPU.Build.0 = Release|Any CPU
		{844DE75C-8367-4778-BB17-4AA4259D0FC1}.Debug|Any CPU.ActiveCfg = Debug|Any CPU
		{844DE75C-8367-4778-BB17-4AA4259D0FC1}.Debug|Any CPU.Build.0 = Debug|Any CPU
		{844DE75C-8367-4778-BB17-4AA4259D0FC1}.Release|Any CPU.ActiveCfg = Release|Any CPU
		{844DE75C-8367-4778-BB17-4AA4259D0FC1}.Release|Any CPU.Build.0 = Release|Any CPU
		{C41A36C5-73DF-4BE0-8D1D-1FDD119BB6D5}.Debug|Any CPU.ActiveCfg = Debug|Any CPU
		{C41A36C5-73DF-4BE0-8D1D-1FDD119BB6D5}.Debug|Any CPU.Build.0 = Debug|Any CPU
		{C41A36C5-73DF-4BE0-8D1D-1FDD119BB6D5}.Release|Any CPU.ActiveCfg = Release|Any CPU
		{C41A36C5-73DF-4BE0-8D1D-1FDD119BB6D5}.Release|Any CPU.Build.0 = Release|Any CPU
	EndGlobalSection
	GlobalSection(MonoDevelopProperties) = preSolution
		Policies = $0
		$0.DotNetNamingPolicy = $1
		$1.DirectoryNamespaceAssociation = PrefixedHierarchical
		$0.TextStylePolicy = $2
		$2.inheritsSet = null
		$2.scope = text/x-csharp
		$0.CSharpFormattingPolicy = $3
		$3.scope = text/x-csharp
		$0.TextStylePolicy = $4
		$4.FileWidth = 80
		$4.TabsToSpaces = True
		$4.scope = text/plain
		$0.TextStylePolicy = $5
		$5.inheritsSet = null
		$5.scope = text/x-json
		$0.JSONFormattingPolicy = $6
		$6.AutoStructureCompletion = True
		$6.BracePositions = SemiExpanded
		$6.FormatOnPaste = True
		$6.scope = text/x-json
		$0.TextStylePolicy = $7
		$7.inheritsSet = null
		$7.scope = text/x-web
		$0.TextStylePolicy = $8
		$8.inheritsSet = null
		$8.scope = text/x-vs
		$0.StandardHeader = $9
		$0.VersionControlPolicy = $10
	EndGlobalSection
EndGlobal
